
Microsoft Visual Studio Solution File, Format Version 12.00
# Visual Studio Version 17
VisualStudioVersion = 17.2.32526.322
MinimumVisualStudioVersion = 10.0.40219.1
Project("{FAE04EC0-301F-11D3-BF4B-00C04F79EFBC}") = "routing", "routing\routing.csproj", "{9387E6EB-191E-405E-8ED7-18E7A33DBD44}"
EndProject
Global
	GlobalSection(SolutionConfigurationPlatforms) = preSolution
		Debug|Any CPU = Debug|Any CPU
		Release|Any CPU = Release|Any CPU
	EndGlobalSection
	GlobalSection(ProjectConfigurationPlatforms) = postSolution
		{9387E6EB-191E-405E-8ED7-18E7A33DBD44}.Debug|Any CPU.ActiveCfg = Debug|Any CPU
		{9387E6EB-191E-405E-8ED7-18E7A33DBD44}.Debug|Any CPU.Build.0 = Debug|Any CPU
		{9387E6EB-191E-405E-8ED7-18E7A33DBD44}.Release|Any CPU.ActiveCfg = Release|Any CPU
		{9387E6EB-191E-405E-8ED7-18E7A33DBD44}.Release|Any CPU.Build.0 = Release|Any CPU
	EndGlobalSection
	GlobalSection(SolutionProperties) = preSolution
		HideSolutionNode = FALSE
	EndGlobalSection
	GlobalSection(ExtensibilityGlobals) = postSolution
		SolutionGuid = {C9AF225F-52E7-443C-9168-7B9C27FC39A5}
	EndGlobalSection
EndGlobal
