
Microsoft Visual Studio Solution File, Format Version 12.00
# Visual Studio Version 17
VisualStudioVersion = 17.1.32414.318
MinimumVisualStudioVersion = 10.0.40219.1
Project("{FAE04EC0-301F-11D3-BF4B-00C04F79EFBC}") = "WindowsFormsApp1", "WindowsFormsApp1\WindowsFormsApp1.csproj", "{42F95B6B-F6D7-477E-B78C-F1ACE9687911}"
EndProject
Global
	GlobalSection(SolutionConfigurationPlatforms) = preSolution
		Debug|Any CPU = Debug|Any CPU
		Release|Any CPU = Release|Any CPU
	EndGlobalSection
	GlobalSection(ProjectConfigurationPlatforms) = postSolution
		{42F95B6B-F6D7-477E-B78C-F1ACE9687911}.Debug|Any CPU.ActiveCfg = Debug|Any CPU
		{42F95B6B-F6D7-477E-B78C-F1ACE9687911}.Debug|Any CPU.Build.0 = Debug|Any CPU
		{42F95B6B-F6D7-477E-B78C-F1ACE9687911}.Release|Any CPU.ActiveCfg = Release|Any CPU
		{42F95B6B-F6D7-477E-B78C-F1ACE9687911}.Release|Any CPU.Build.0 = Release|Any CPU
	EndGlobalSection
	GlobalSection(SolutionProperties) = preSolution
		HideSolutionNode = FALSE
	EndGlobalSection
	GlobalSection(ExtensibilityGlobals) = postSolution
		SolutionGuid = {1B667548-F581-421C-ABA9-85C02DE0D621}
	EndGlobalSection
EndGlobal
