
Microsoft Visual Studio Solution File, Format Version 12.00
# Visual Studio Version 17
VisualStudioVersion = 17.2.32526.322
MinimumVisualStudioVersion = 10.0.40219.1
Project("{FAE04EC0-301F-11D3-BF4B-00C04F79EFBC}") = "WebApplication4", "WebApplication4\WebApplication4.csproj", "{68B2CFDE-B0AC-4E19-807F-5512DDAF59F1}"
EndProject
Global
	GlobalSection(SolutionConfigurationPlatforms) = preSolution
		Debug|Any CPU = Debug|Any CPU
		Release|Any CPU = Release|Any CPU
	EndGlobalSection
	GlobalSection(ProjectConfigurationPlatforms) = postSolution
		{68B2CFDE-B0AC-4E19-807F-5512DDAF59F1}.Debug|Any CPU.ActiveCfg = Debug|Any CPU
		{68B2CFDE-B0AC-4E19-807F-5512DDAF59F1}.Debug|Any CPU.Build.0 = Debug|Any CPU
		{68B2CFDE-B0AC-4E19-807F-5512DDAF59F1}.Release|Any CPU.ActiveCfg = Release|Any CPU
		{68B2CFDE-B0AC-4E19-807F-5512DDAF59F1}.Release|Any CPU.Build.0 = Release|Any CPU
	EndGlobalSection
	GlobalSection(SolutionProperties) = preSolution
		HideSolutionNode = FALSE
	EndGlobalSection
	GlobalSection(ExtensibilityGlobals) = postSolution
		SolutionGuid = {2695C5D3-9341-4031-892A-B0B608A5B289}
	EndGlobalSection
EndGlobal
