
Microsoft Visual Studio Solution File, Format Version 12.00
# Visual Studio Version 17
VisualStudioVersion = 17.2.32516.85
MinimumVisualStudioVersion = 10.0.40219.1
Project("{FAE04EC0-301F-11D3-BF4B-00C04F79EFBC}") = "WebApplication4", "WebApplication4\WebApplication4.csproj", "{23CE54A5-564A-47CA-A197-8DBD4D4A63C8}"
EndProject
Global
	GlobalSection(SolutionConfigurationPlatforms) = preSolution
		Debug|Any CPU = Debug|Any CPU
		Release|Any CPU = Release|Any CPU
	EndGlobalSection
	GlobalSection(ProjectConfigurationPlatforms) = postSolution
		{23CE54A5-564A-47CA-A197-8DBD4D4A63C8}.Debug|Any CPU.ActiveCfg = Debug|Any CPU
		{23CE54A5-564A-47CA-A197-8DBD4D4A63C8}.Debug|Any CPU.Build.0 = Debug|Any CPU
		{23CE54A5-564A-47CA-A197-8DBD4D4A63C8}.Release|Any CPU.ActiveCfg = Release|Any CPU
		{23CE54A5-564A-47CA-A197-8DBD4D4A63C8}.Release|Any CPU.Build.0 = Release|Any CPU
	EndGlobalSection
	GlobalSection(SolutionProperties) = preSolution
		HideSolutionNode = FALSE
	EndGlobalSection
	GlobalSection(ExtensibilityGlobals) = postSolution
		SolutionGuid = {878BD85F-FC16-43C4-B2B6-B44E9AF71ED8}
	EndGlobalSection
EndGlobal
