
Microsoft Visual Studio Solution File, Format Version 12.00
# Visual Studio Version 17
VisualStudioVersion = 17.2.32516.85
MinimumVisualStudioVersion = 10.0.40219.1
Project("{FAE04EC0-301F-11D3-BF4B-00C04F79EFBC}") = "WebApplication8", "WebApplication8\WebApplication8.csproj", "{546FBD5D-3A79-4EA3-9BE1-6567909BAFA5}"
EndProject
Global
	GlobalSection(SolutionConfigurationPlatforms) = preSolution
		Debug|Any CPU = Debug|Any CPU
		Release|Any CPU = Release|Any CPU
	EndGlobalSection
	GlobalSection(ProjectConfigurationPlatforms) = postSolution
		{546FBD5D-3A79-4EA3-9BE1-6567909BAFA5}.Debug|Any CPU.ActiveCfg = Debug|Any CPU
		{546FBD5D-3A79-4EA3-9BE1-6567909BAFA5}.Debug|Any CPU.Build.0 = Debug|Any CPU
		{546FBD5D-3A79-4EA3-9BE1-6567909BAFA5}.Release|Any CPU.ActiveCfg = Release|Any CPU
		{546FBD5D-3A79-4EA3-9BE1-6567909BAFA5}.Release|Any CPU.Build.0 = Release|Any CPU
	EndGlobalSection
	GlobalSection(SolutionProperties) = preSolution
		HideSolutionNode = FALSE
	EndGlobalSection
	GlobalSection(ExtensibilityGlobals) = postSolution
		SolutionGuid = {2367E8EB-FB43-4224-BA7E-F375C09719FC}
	EndGlobalSection
EndGlobal
