
Microsoft Visual Studio Solution File, Format Version 12.00
# Visual Studio Version 17
VisualStudioVersion = 17.1.32414.318
MinimumVisualStudioVersion = 10.0.40219.1
Project("{9A19103F-16F7-4668-BE54-9A1E7A4F7556}") = "WinFormsApp1", "WinFormsApp1\WinFormsApp1.csproj", "{3A4D2D33-9ED5-4DC9-8879-47882D9BB2AA}"
EndProject
Project("{FAE04EC0-301F-11D3-BF4B-00C04F79EFBC}") = "BussinessLogic", "BussinessLogic\BussinessLogic.csproj", "{7D2BEEE7-FFD8-4930-A105-DAE0D0CC9897}"
EndProject
Global
	GlobalSection(SolutionConfigurationPlatforms) = preSolution
		Debug|Any CPU = Debug|Any CPU
		Release|Any CPU = Release|Any CPU
	EndGlobalSection
	GlobalSection(ProjectConfigurationPlatforms) = postSolution
		{3A4D2D33-9ED5-4DC9-8879-47882D9BB2AA}.Debug|Any CPU.ActiveCfg = Debug|Any CPU
		{3A4D2D33-9ED5-4DC9-8879-47882D9BB2AA}.Debug|Any CPU.Build.0 = Debug|Any CPU
		{3A4D2D33-9ED5-4DC9-8879-47882D9BB2AA}.Release|Any CPU.ActiveCfg = Release|Any CPU
		{3A4D2D33-9ED5-4DC9-8879-47882D9BB2AA}.Release|Any CPU.Build.0 = Release|Any CPU
		{7D2BEEE7-FFD8-4930-A105-DAE0D0CC9897}.Debug|Any CPU.ActiveCfg = Debug|Any CPU
		{7D2BEEE7-FFD8-4930-A105-DAE0D0CC9897}.Debug|Any CPU.Build.0 = Debug|Any CPU
		{7D2BEEE7-FFD8-4930-A105-DAE0D0CC9897}.Release|Any CPU.ActiveCfg = Release|Any CPU
		{7D2BEEE7-FFD8-4930-A105-DAE0D0CC9897}.Release|Any CPU.Build.0 = Release|Any CPU
	EndGlobalSection
	GlobalSection(SolutionProperties) = preSolution
		HideSolutionNode = FALSE
	EndGlobalSection
	GlobalSection(ExtensibilityGlobals) = postSolution
		SolutionGuid = {89777E15-2F0D-4B27-962E-8AEC3492FEA1}
	EndGlobalSection
EndGlobal
